// !$*UTF8*$!
{
	archiveVersion = 1;
	classes = {
	};
	objectVersion = 55;
	objects = {

/* Begin PBXBuildFile section */
		84A1C5E52804899B00917E04 /* SIXT_testApp.swift in Sources */ = {isa = PBXBuildFile; fileRef = 84A1C5E42804899B00917E04 /* SIXT_testApp.swift */; };
		84A1C5E72804899B00917E04 /* ContentView.swift in Sources */ = {isa = PBXBuildFile; fileRef = 84A1C5E62804899B00917E04 /* ContentView.swift */; };
		84A1C5E92804899D00917E04 /* Assets.xcassets in Resources */ = {isa = PBXBuildFile; fileRef = 84A1C5E82804899D00917E04 /* Assets.xcassets */; };
		84A1C5EC2804899D00917E04 /* Preview Assets.xcassets in Resources */ = {isa = PBXBuildFile; fileRef = 84A1C5EB2804899D00917E04 /* Preview Assets.xcassets */; };
		84A1C5F62804899E00917E04 /* SIXT_testTests.swift in Sources */ = {isa = PBXBuildFile; fileRef = 84A1C5F52804899E00917E04 /* SIXT_testTests.swift */; };
		84A1C6002804899E00917E04 /* SIXT_testUITests.swift in Sources */ = {isa = PBXBuildFile; fileRef = 84A1C5FF2804899E00917E04 /* SIXT_testUITests.swift */; };
		84A1C6022804899E00917E04 /* SIXT_testUITestsLaunchTests.swift in Sources */ = {isa = PBXBuildFile; fileRef = 84A1C6012804899E00917E04 /* SIXT_testUITestsLaunchTests.swift */; };
/* End PBXBuildFile section */

/* Begin PBXContainerItemProxy section */
		84A1C5F22804899E00917E04 /* PBXContainerItemProxy */ = {
			isa = PBXContainerItemProxy;
			containerPortal = 84A1C5D92804899B00917E04 /* Project object */;
			proxyType = 1;
			remoteGlobalIDString = 84A1C5E02804899B00917E04;
			remoteInfo = SIXT_test;
		};
		84A1C5FC2804899E00917E04 /* PBXContainerItemProxy */ = {
			isa = PBXContainerItemProxy;
			containerPortal = 84A1C5D92804899B00917E04 /* Project object */;
			proxyType = 1;
			remoteGlobalIDString = 84A1C5E02804899B00917E04;
			remoteInfo = SIXT_test;
		};
/* End PBXContainerItemProxy section */

/* Begin PBXFileReference section */
		84A1C5E12804899B00917E04 /* SIXT_test.app */ = {isa = PBXFileReference; explicitFileType = wrapper.application; includeInIndex = 0; path = SIXT_test.app; sourceTree = BUILT_PRODUCTS_DIR; };
		84A1C5E42804899B00917E04 /* SIXT_testApp.swift */ = {isa = PBXFileReference; lastKnownFileType = sourcecode.swift; path = SIXT_testApp.swift; sourceTree = "<group>"; };
		84A1C5E62804899B00917E04 /* ContentView.swift */ = {isa = PBXFileReference; lastKnownFileType = sourcecode.swift; path = ContentView.swift; sourceTree = "<group>"; };
		84A1C5E82804899D00917E04 /* Assets.xcassets */ = {isa = PBXFileReference; lastKnownFileType = folder.assetcatalog; path = Assets.xcassets; sourceTree = "<group>"; };
		84A1C5EB2804899D00917E04 /* Preview Assets.xcassets */ = {isa = PBXFileReference; lastKnownFileType = folder.assetcatalog; path = "Preview Assets.xcassets"; sourceTree = "<group>"; };
		84A1C5F12804899E00917E04 /* SIXT_testTests.xctest */ = {isa = PBXFileReference; explicitFileType = wrapper.cfbundle; includeInIndex = 0; path = SIXT_testTests.xctest; sourceTree = BUILT_PRODUCTS_DIR; };
		84A1C5F52804899E00917E04 /* SIXT_testTests.swift */ = {isa = PBXFileReference; lastKnownFileType = sourcecode.swift; path = SIXT_testTests.swift; sourceTree = "<group>"; };
		84A1C5FB2804899E00917E04 /* SIXT_testUITests.xctest */ = {isa = PBXFileReference; explicitFileType = wrapper.cfbundle; includeInIndex = 0; path = SIXT_testUITests.xctest; sourceTree = BUILT_PRODUCTS_DIR; };
		84A1C5FF2804899E00917E04 /* SIXT_testUITests.swift */ = {isa = PBXFileReference; lastKnownFileType = sourcecode.swift; path = SIXT_testUITests.swift; sourceTree = "<group>"; };
		84A1C6012804899E00917E04 /* SIXT_testUITestsLaunchTests.swift */ = {isa = PBXFileReference; lastKnownFileType = sourcecode.swift; path = SIXT_testUITestsLaunchTests.swift; sourceTree = "<group>"; };
/* End PBXFileReference section */

/* Begin PBXFrameworksBuildPhase section */
		84A1C5DE2804899B00917E04 /* Frameworks */ = {
			isa = PBXFrameworksBuildPhase;
			buildActionMask = 2147483647;
			files = (
			);
			runOnlyForDeploymentPostprocessing = 0;
		};
		84A1C5EE2804899D00917E04 /* Frameworks */ = {
			isa = PBXFrameworksBuildPhase;
			buildActionMask = 2147483647;
			files = (
			);
			runOnlyForDeploymentPostprocessing = 0;
		};
		84A1C5F82804899E00917E04 /* Frameworks */ = {
			isa = PBXFrameworksBuildPhase;
			buildActionMask = 2147483647;
			files = (
			);
			runOnlyForDeploymentPostprocessing = 0;
		};
/* End PBXFrameworksBuildPhase section */

/* Begin PBXGroup section */
		84A1C5D82804899B00917E04 = {
			isa = PBXGroup;
			children = (
				84A1C5E32804899B00917E04 /* SIXT_test */,
				84A1C5F42804899E00917E04 /* SIXT_testTests */,
				84A1C5FE2804899E00917E04 /* SIXT_testUITests */,
				84A1C5E22804899B00917E04 /* Products */,
			);
			sourceTree = "<group>";
		};
		84A1C5E22804899B00917E04 /* Products */ = {
			isa = PBXGroup;
			children = (
				84A1C5E12804899B00917E04 /* SIXT_test.app */,
				84A1C5F12804899E00917E04 /* SIXT_testTests.xctest */,
				84A1C5FB2804899E00917E04 /* SIXT_testUITests.xctest */,
			);
			name = Products;
			sourceTree = "<group>";
		};
		84A1C5E32804899B00917E04 /* SIXT_test */ = {
			isa = PBXGroup;
			children = (
				84A1C5E42804899B00917E04 /* SIXT_testApp.swift */,
				84A1C5E62804899B00917E04 /* ContentView.swift */,
				84A1C5E82804899D00917E04 /* Assets.xcassets */,
				84A1C5EA2804899D00917E04 /* Preview Content */,
			);
			path = SIXT_test;
			sourceTree = "<group>";
		};
		84A1C5EA2804899D00917E04 /* Preview Content */ = {
			isa = PBXGroup;
			children = (
				84A1C5EB2804899D00917E04 /* Preview Assets.xcassets */,
			);
			path = "Preview Content";
			sourceTree = "<group>";
		};
		84A1C5F42804899E00917E04 /* SIXT_testTests */ = {
			isa = PBXGroup;
			children = (
				84A1C5F52804899E00917E04 /* SIXT_testTests.swift */,
			);
			path = SIXT_testTests;
			sourceTree = "<group>";
		};
		84A1C5FE2804899E00917E04 /* SIXT_testUITests */ = {
			isa = PBXGroup;
			children = (
				84A1C5FF2804899E00917E04 /* SIXT_testUITests.swift */,
				84A1C6012804899E00917E04 /* SIXT_testUITestsLaunchTests.swift */,
			);
			path = SIXT_testUITests;
			sourceTree = "<group>";
		};
/* End PBXGroup section */

/* Begin PBXNativeTarget section */
		84A1C5E02804899B00917E04 /* SIXT_test */ = {
			isa = PBXNativeTarget;
			buildConfigurationList = 84A1C6052804899E00917E04 /* Build configuration list for PBXNativeTarget "SIXT_test" */;
			buildPhases = (
				84A1C5DD2804899B00917E04 /* Sources */,
				84A1C5DE2804899B00917E04 /* Frameworks */,
				84A1C5DF2804899B00917E04 /* Resources */,
			);
			buildRules = (
			);
			dependencies = (
			);
			name = SIXT_test;
			productName = SIXT_test;
			productReference = 84A1C5E12804899B00917E04 /* SIXT_test.app */;
			productType = "com.apple.product-type.application";
		};
		84A1C5F02804899D00917E04 /* SIXT_testTests */ = {
			isa = PBXNativeTarget;
			buildConfigurationList = 84A1C6082804899E00917E04 /* Build configuration list for PBXNativeTarget "SIXT_testTests" */;
			buildPhases = (
				84A1C5ED2804899D00917E04 /* Sources */,
				84A1C5EE2804899D00917E04 /* Frameworks */,
				84A1C5EF2804899D00917E04 /* Resources */,
			);
			buildRules = (
			);
			dependencies = (
				84A1C5F32804899E00917E04 /* PBXTargetDependency */,
			);
			name = SIXT_testTests;
			productName = SIXT_testTests;
			productReference = 84A1C5F12804899E00917E04 /* SIXT_testTests.xctest */;
			productType = "com.apple.product-type.bundle.unit-test";
		};
		84A1C5FA2804899E00917E04 /* SIXT_testUITests */ = {
			isa = PBXNativeTarget;
			buildConfigurationList = 84A1C60B2804899E00917E04 /* Build configuration list for PBXNativeTarget "SIXT_testUITests" */;
			buildPhases = (
				84A1C5F72804899E00917E04 /* Sources */,
				84A1C5F82804899E00917E04 /* Frameworks */,
				84A1C5F92804899E00917E04 /* Resources */,
			);
			buildRules = (
			);
			dependencies = (
				84A1C5FD2804899E00917E04 /* PBXTargetDependency */,
			);
			name = SIXT_testUITests;
			productName = SIXT_testUITests;
			productReference = 84A1C5FB2804899E00917E04 /* SIXT_testUITests.xctest */;
			productType = "com.apple.product-type.bundle.ui-testing";
		};
/* End PBXNativeTarget section */

/* Begin PBXProject section */
		84A1C5D92804899B00917E04 /* Project object */ = {
			isa = PBXProject;
			attributes = {
				BuildIndependentTargetsInParallel = 1;
				LastSwiftUpdateCheck = 1330;
				LastUpgradeCheck = 1330;
				TargetAttributes = {
					84A1C5E02804899B00917E04 = {
						CreatedOnToolsVersion = 13.3;
					};
					84A1C5F02804899D00917E04 = {
						CreatedOnToolsVersion = 13.3;
						TestTargetID = 84A1C5E02804899B00917E04;
					};
					84A1C5FA2804899E00917E04 = {
						CreatedOnToolsVersion = 13.3;
						TestTargetID = 84A1C5E02804899B00917E04;
					};
				};
			};
			buildConfigurationList = 84A1C5DC2804899B00917E04 /* Build configuration list for PBXProject "SIXT_test" */;
			compatibilityVersion = "Xcode 13.0";
			developmentRegion = en;
			hasScannedForEncodings = 0;
			knownRegions = (
				en,
				Base,
			);
			mainGroup = 84A1C5D82804899B00917E04;
			productRefGroup = 84A1C5E22804899B00917E04 /* Products */;
			projectDirPath = "";
			projectRoot = "";
			targets = (
				84A1C5E02804899B00917E04 /* SIXT_test */,
				84A1C5F02804899D00917E04 /* SIXT_testTests */,
				84A1C5FA2804899E00917E04 /* SIXT_testUITests */,
			);
		};
/* End PBXProject section */

/* Begin PBXResourcesBuildPhase section */
		84A1C5DF2804899B00917E04 /* Resources */ = {
			isa = PBXResourcesBuildPhase;
			buildActionMask = 2147483647;
			files = (
				84A1C5EC2804899D00917E04 /* Preview Assets.xcassets in Resources */,
				84A1C5E92804899D00917E04 /* Assets.xcassets in Resources */,
			);
			runOnlyForDeploymentPostprocessing = 0;
		};
		84A1C5EF2804899D00917E04 /* Resources */ = {
			isa = PBXResourcesBuildPhase;
			buildActionMask = 2147483647;
			files = (
			);
			runOnlyForDeploymentPostprocessing = 0;
		};
		84A1C5F92804899E00917E04 /* Resources */ = {
			isa = PBXResourcesBuildPhase;
			buildActionMask = 2147483647;
			files = (
			);
			runOnlyForDeploymentPostprocessing = 0;
		};
/* End PBXResourcesBuildPhase section */

/* Begin PBXSourcesBuildPhase section */
		84A1C5DD2804899B00917E04 /* Sources */ = {
			isa = PBXSourcesBuildPhase;
			buildActionMask = 2147483647;
			files = (
				84A1C5E72804899B00917E04 /* ContentView.swift in Sources */,
				84A1C5E52804899B00917E04 /* SIXT_testApp.swift in Sources */,
			);
			runOnlyForDeploymentPostprocessing = 0;
		};
		84A1C5ED2804899D00917E04 /* Sources */ = {
			isa = PBXSourcesBuildPhase;
			buildActionMask = 2147483647;
			files = (
				84A1C5F62804899E00917E04 /* SIXT_testTests.swift in Sources */,
			);
			runOnlyForDeploymentPostprocessing = 0;
		};
		84A1C5F72804899E00917E04 /* Sources */ = {
			isa = PBXSourcesBuildPhase;
			buildActionMask = 2147483647;
			files = (
				84A1C6022804899E00917E04 /* SIXT_testUITestsLaunchTests.swift in Sources */,
				84A1C6002804899E00917E04 /* SIXT_testUITests.swift in Sources */,
			);
			runOnlyForDeploymentPostprocessing = 0;
		};
/* End PBXSourcesBuildPhase section */

/* Begin PBXTargetDependency section */
		84A1C5F32804899E00917E04 /* PBXTargetDependency */ = {
			isa = PBXTargetDependency;
			target = 84A1C5E02804899B00917E04 /* SIXT_test */;
			targetProxy = 84A1C5F22804899E00917E04 /* PBXContainerItemProxy */;
		};
		84A1C5FD2804899E00917E04 /* PBXTargetDependency */ = {
			isa = PBXTargetDependency;
			target = 84A1C5E02804899B00917E04 /* SIXT_test */;
			targetProxy = 84A1C5FC2804899E00917E04 /* PBXContainerItemProxy */;
		};
/* End PBXTargetDependency section */

/* Begin XCBuildConfiguration section */
		84A1C6032804899E00917E04 /* Debug */ = {
			isa = XCBuildConfiguration;
			buildSettings = {
				ALWAYS_SEARCH_USER_PATHS = NO;
				CLANG_ANALYZER_NONNULL = YES;
				CLANG_ANALYZER_NUMBER_OBJECT_CONVERSION = YES_AGGRESSIVE;
				CLANG_CXX_LANGUAGE_STANDARD = "gnu++17";
				CLANG_ENABLE_MODULES = YES;
				CLANG_ENABLE_OBJC_ARC = YES;
				CLANG_ENABLE_OBJC_WEAK = YES;
				CLANG_WARN_BLOCK_CAPTURE_AUTORELEASING = YES;
				CLANG_WARN_BOOL_CONVERSION = YES;
				CLANG_WARN_COMMA = YES;
				CLANG_WARN_CONSTANT_CONVERSION = YES;
				CLANG_WARN_DEPRECATED_OBJC_IMPLEMENTATIONS = YES;
				CLANG_WARN_DIRECT_OBJC_ISA_USAGE = YES_ERROR;
				CLANG_WARN_DOCUMENTATION_COMMENTS = YES;
				CLANG_WARN_EMPTY_BODY = YES;
				CLANG_WARN_ENUM_CONVERSION = YES;
				CLANG_WARN_INFINITE_RECURSION = YES;
				CLANG_WARN_INT_CONVERSION = YES;
				CLANG_WARN_NON_LITERAL_NULL_CONVERSION = YES;
				CLANG_WARN_OBJC_IMPLICIT_RETAIN_SELF = YES;
				CLANG_WARN_OBJC_LITERAL_CONVERSION = YES;
				CLANG_WARN_OBJC_ROOT_CLASS = YES_ERROR;
				CLANG_WARN_QUOTED_INCLUDE_IN_FRAMEWORK_HEADER = YES;
				CLANG_WARN_RANGE_LOOP_ANALYSIS = YES;
				CLANG_WARN_STRICT_PROTOTYPES = YES;
				CLANG_WARN_SUSPICIOUS_MOVE = YES;
				CLANG_WARN_UNGUARDED_AVAILABILITY = YES_AGGRESSIVE;
				CLANG_WARN_UNREACHABLE_CODE = YES;
				CLANG_WARN__DUPLICATE_METHOD_MATCH = YES;
				COPY_PHASE_STRIP = NO;
				DEBUG_INFORMATION_FORMAT = dwarf;
				ENABLE_STRICT_OBJC_MSGSEND = YES;
				ENABLE_TESTABILITY = YES;
				GCC_C_LANGUAGE_STANDARD = gnu11;
				GCC_DYNAMIC_NO_PIC = NO;
				GCC_NO_COMMON_BLOCKS = YES;
				GCC_OPTIMIZATION_LEVEL = 0;
				GCC_PREPROCESSOR_DEFINITIONS = (
					"DEBUG=1",
					"$(inherited)",
				);
				GCC_WARN_64_TO_32_BIT_CONVERSION = YES;
				GCC_WARN_ABOUT_RETURN_TYPE = YES_ERROR;
				GCC_WARN_UNDECLARED_SELECTOR = YES;
				GCC_WARN_UNINITIALIZED_AUTOS = YES_AGGRESSIVE;
				GCC_WARN_UNUSED_FUNCTION = YES;
				GCC_WARN_UNUSED_VARIABLE = YES;
				IPHONEOS_DEPLOYMENT_TARGET = 15.4;
				MTL_ENABLE_DEBUG_INFO = INCLUDE_SOURCE;
				MTL_FAST_MATH = YES;
				ONLY_ACTIVE_ARCH = YES;
				SDKROOT = iphoneos;
				SWIFT_ACTIVE_COMPILATION_CONDITIONS = DEBUG;
				SWIFT_OPTIMIZATION_LEVEL = "-Onone";
			};
			name = Debug;
		};
		84A1C6042804899E00917E04 /* Release */ = {
			isa = XCBuildConfiguration;
			buildSettings = {
				ALWAYS_SEARCH_USER_PATHS = NO;
				CLANG_ANALYZER_NONNULL = YES;
				CLANG_ANALYZER_NUMBER_OBJECT_CONVERSION = YES_AGGRESSIVE;
				CLANG_CXX_LANGUAGE_STANDARD = "gnu++17";
				CLANG_ENABLE_MODULES = YES;
				CLANG_ENABLE_OBJC_ARC = YES;
				CLANG_ENABLE_OBJC_WEAK = YES;
				CLANG_WARN_BLOCK_CAPTURE_AUTORELEASING = YES;
				CLANG_WARN_BOOL_CONVERSION = YES;
				CLANG_WARN_COMMA = YES;
				CLANG_WARN_CONSTANT_CONVERSION = YES;
				CLANG_WARN_DEPRECATED_OBJC_IMPLEMENTATIONS = YES;
				CLANG_WARN_DIRECT_OBJC_ISA_USAGE = YES_ERROR;
				CLANG_WARN_DOCUMENTATION_COMMENTS = YES;
				CLANG_WARN_EMPTY_BODY = YES;
				CLANG_WARN_ENUM_CONVERSION = YES;
				CLANG_WARN_INFINITE_RECURSION = YES;
				CLANG_WARN_INT_CONVERSION = YES;
				CLANG_WARN_NON_LITERAL_NULL_CONVERSION = YES;
				CLANG_WARN_OBJC_IMPLICIT_RETAIN_SELF = YES;
				CLANG_WARN_OBJC_LITERAL_CONVERSION = YES;
				CLANG_WARN_OBJC_ROOT_CLASS = YES_ERROR;
				CLANG_WARN_QUOTED_INCLUDE_IN_FRAMEWORK_HEADER = YES;
				CLANG_WARN_RANGE_LOOP_ANALYSIS = YES;
				CLANG_WARN_STRICT_PROTOTYPES = YES;
				CLANG_WARN_SUSPICIOUS_MOVE = YES;
				CLANG_WARN_UNGUARDED_AVAILABILITY = YES_AGGRESSIVE;
				CLANG_WARN_UNREACHABLE_CODE = YES;
				CLANG_WARN__DUPLICATE_METHOD_MATCH = YES;
				COPY_PHASE_STRIP = NO;
				DEBUG_INFORMATION_FORMAT = "dwarf-with-dsym";
				ENABLE_NS_ASSERTIONS = NO;
				ENABLE_STRICT_OBJC_MSGSEND = YES;
				GCC_C_LANGUAGE_STANDARD = gnu11;
				GCC_NO_COMMON_BLOCKS = YES;
				GCC_WARN_64_TO_32_BIT_CONVERSION = YES;
				GCC_WARN_ABOUT_RETURN_TYPE = YES_ERROR;
				GCC_WARN_UNDECLARED_SELECTOR = YES;
				GCC_WARN_UNINITIALIZED_AUTOS = YES_AGGRESSIVE;
				GCC_WARN_UNUSED_FUNCTION = YES;
				GCC_WARN_UNUSED_VARIABLE = YES;
				IPHONEOS_DEPLOYMENT_TARGET = 15.4;
				MTL_ENABLE_DEBUG_INFO = NO;
				MTL_FAST_MATH = YES;
				SDKROOT = iphoneos;
				SWIFT_COMPILATION_MODE = wholemodule;
				SWIFT_OPTIMIZATION_LEVEL = "-O";
				VALIDATE_PRODUCT = YES;
			};
			name = Release;
		};
		84A1C6062804899E00917E04 /* Debug */ = {
			isa = XCBuildConfiguration;
			buildSettings = {
				ASSETCATALOG_COMPILER_APPICON_NAME = AppIcon;
				ASSETCATALOG_COMPILER_GLOBAL_ACCENT_COLOR_NAME = AccentColor;
				CODE_SIGN_STYLE = Automatic;
				CURRENT_PROJECT_VERSION = 1;
				DEVELOPMENT_ASSET_PATHS = "\"SIXT_test/Preview Content\"";
				DEVELOPMENT_TEAM = G68HFXQ7G5;
				ENABLE_PREVIEWS = YES;
				GENERATE_INFOPLIST_FILE = YES;
				INFOPLIST_KEY_UIApplicationSceneManifest_Generation = YES;
				INFOPLIST_KEY_UIApplicationSupportsIndirectInputEvents = YES;
				INFOPLIST_KEY_UILaunchScreen_Generation = YES;
				INFOPLIST_KEY_UISupportedInterfaceOrientations_iPad = "UIInterfaceOrientationPortrait UIInterfaceOrientationPortraitUpsideDown UIInterfaceOrientationLandscapeLeft UIInterfaceOrientationLandscapeRight";
				INFOPLIST_KEY_UISupportedInterfaceOrientations_iPhone = "UIInterfaceOrientationPortrait UIInterfaceOrientationLandscapeLeft UIInterfaceOrientationLandscapeRight";
				LD_RUNPATH_SEARCH_PATHS = (
					"$(inherited)",
					"@executable_path/Frameworks",
				);
				MARKETING_VERSION = 1.0;
				PRODUCT_BUNDLE_IDENTIFIER = "internal.SIXT-test";
				PRODUCT_NAME = "$(TARGET_NAME)";
				SWIFT_EMIT_LOC_STRINGS = YES;
				SWIFT_VERSION = 5.0;
				TARGETED_DEVICE_FAMILY = "1,2";
			};
			name = Debug;
		};
		84A1C6072804899E00917E04 /* Release */ = {
			isa = XCBuildConfiguration;
			buildSettings = {
				ASSETCATALOG_COMPILER_APPICON_NAME = AppIcon;
				ASSETCATALOG_COMPILER_GLOBAL_ACCENT_COLOR_NAME = AccentColor;
				CODE_SIGN_STYLE = Automatic;
				CURRENT_PROJECT_VERSION = 1;
				DEVELOPMENT_ASSET_PATHS = "\"SIXT_test/Preview Content\"";
				DEVELOPMENT_TEAM = G68HFXQ7G5;
				ENABLE_PREVIEWS = YES;
				GENERATE_INFOPLIST_FILE = YES;
				INFOPLIST_KEY_UIApplicationSceneManifest_Generation = YES;
				INFOPLIST_KEY_UIApplicationSupportsIndirectInputEvents = YES;
				INFOPLIST_KEY_UILaunchScreen_Generation = YES;
				INFOPLIST_KEY_UISupportedInterfaceOrientations_iPad = "UIInterfaceOrientationPortrait UIInterfaceOrientationPortraitUpsideDown UIInterfaceOrientationLandscapeLeft UIInterfaceOrientationLandscapeRight";
				INFOPLIST_KEY_UISupportedInterfaceOrientations_iPhone = "UIInterfaceOrientationPortrait UIInterfaceOrientationLandscapeLeft UIInterfaceOrientationLandscapeRight";
				LD_RUNPATH_SEARCH_PATHS = (
					"$(inherited)",
					"@executable_path/Frameworks",
				);
				MARKETING_VERSION = 1.0;
				PRODUCT_BUNDLE_IDENTIFIER = "internal.SIXT-test";
				PRODUCT_NAME = "$(TARGET_NAME)";
				SWIFT_EMIT_LOC_STRINGS = YES;
				SWIFT_VERSION = 5.0;
				TARGETED_DEVICE_FAMILY = "1,2";
			};
			name = Release;
		};
		84A1C6092804899E00917E04 /* Debug */ = {
			isa = XCBuildConfiguration;
			buildSettings = {
				ALWAYS_EMBED_SWIFT_STANDARD_LIBRARIES = YES;
				BUNDLE_LOADER = "$(TEST_HOST)";
				CODE_SIGN_STYLE = Automatic;
				CURRENT_PROJECT_VERSION = 1;
				DEVELOPMENT_TEAM = G68HFXQ7G5;
				GENERATE_INFOPLIST_FILE = YES;
				IPHONEOS_DEPLOYMENT_TARGET = 15.4;
				MARKETING_VERSION = 1.0;
				PRODUCT_BUNDLE_IDENTIFIER = "internal.SIXT-testTests";
				PRODUCT_NAME = "$(TARGET_NAME)";
				SWIFT_EMIT_LOC_STRINGS = NO;
				SWIFT_VERSION = 5.0;
				TARGETED_DEVICE_FAMILY = "1,2";
				TEST_HOST = "$(BUILT_PRODUCTS_DIR)/SIXT_test.app/SIXT_test";
			};
			name = Debug;
		};
		84A1C60A2804899E00917E04 /* Release */ = {
			isa = XCBuildConfiguration;
			buildSettings = {
				ALWAYS_EMBED_SWIFT_STANDARD_LIBRARIES = YES;
				BUNDLE_LOADER = "$(TEST_HOST)";
				CODE_SIGN_STYLE = Automatic;
				CURRENT_PROJECT_VERSION = 1;
				DEVELOPMENT_TEAM = G68HFXQ7G5;
				GENERATE_INFOPLIST_FILE = YES;
				IPHONEOS_DEPLOYMENT_TARGET = 15.4;
				MARKETING_VERSION = 1.0;
				PRODUCT_BUNDLE_IDENTIFIER = "internal.SIXT-testTests";
				PRODUCT_NAME = "$(TARGET_NAME)";
				SWIFT_EMIT_LOC_STRINGS = NO;
				SWIFT_VERSION = 5.0;
				TARGETED_DEVICE_FAMILY = "1,2";
				TEST_HOST = "$(BUILT_PRODUCTS_DIR)/SIXT_test.app/SIXT_test";
			};
			name = Release;
		};
		84A1C60C2804899E00917E04 /* Debug */ = {
			isa = XCBuildConfiguration;
			buildSettings = {
				ALWAYS_EMBED_SWIFT_STANDARD_LIBRARIES = YES;
				CODE_SIGN_STYLE = Automatic;
				CURRENT_PROJECT_VERSION = 1;
				DEVELOPMENT_TEAM = G68HFXQ7G5;
				GENERATE_INFOPLIST_FILE = YES;
				MARKETING_VERSION = 1.0;
				PRODUCT_BUNDLE_IDENTIFIER = "internal.SIXT-testUITests";
				PRODUCT_NAME = "$(TARGET_NAME)";
				SWIFT_EMIT_LOC_STRINGS = NO;
				SWIFT_VERSION = 5.0;
				TARGETED_DEVICE_FAMILY = "1,2";
				TEST_TARGET_NAME = SIXT_test;
			};
			name = Debug;
		};
		84A1C60D2804899E00917E04 /* Release */ = {
			isa = XCBuildConfiguration;
			buildSettings = {
				ALWAYS_EMBED_SWIFT_STANDARD_LIBRARIES = YES;
				CODE_SIGN_STYLE = Automatic;
				CURRENT_PROJECT_VERSION = 1;
				DEVELOPMENT_TEAM = G68HFXQ7G5;
				GENERATE_INFOPLIST_FILE = YES;
				MARKETING_VERSION = 1.0;
				PRODUCT_BUNDLE_IDENTIFIER = "internal.SIXT-testUITests";
				PRODUCT_NAME = "$(TARGET_NAME)";
				SWIFT_EMIT_LOC_STRINGS = NO;
				SWIFT_VERSION = 5.0;
				TARGETED_DEVICE_FAMILY = "1,2";
				TEST_TARGET_NAME = SIXT_test;
			};
			name = Release;
		};
/* End XCBuildConfiguration section */

/* Begin XCConfigurationList section */
		84A1C5DC2804899B00917E04 /* Build configuration list for PBXProject "SIXT_test" */ = {
			isa = XCConfigurationList;
			buildConfigurations = (
				84A1C6032804899E00917E04 /* Debug */,
				84A1C6042804899E00917E04 /* Release */,
			);
			defaultConfigurationIsVisible = 0;
			defaultConfigurationName = Release;
		};
		84A1C6052804899E00917E04 /* Build configuration list for PBXNativeTarget "SIXT_test" */ = {
			isa = XCConfigurationList;
			buildConfigurations = (
				84A1C6062804899E00917E04 /* Debug */,
				84A1C6072804899E00917E04 /* Release */,
			);
			defaultConfigurationIsVisible = 0;
			defaultConfigurationName = Release;
		};
		84A1C6082804899E00917E04 /* Build configuration list for PBXNativeTarget "SIXT_testTests" */ = {
			isa = XCConfigurationList;
			buildConfigurations = (
				84A1C6092804899E00917E04 /* Debug */,
				84A1C60A2804899E00917E04 /* Release */,
			);
			defaultConfigurationIsVisible = 0;
			defaultConfigurationName = Release;
		};
		84A1C60B2804899E00917E04 /* Build configuration list for PBXNativeTarget "SIXT_testUITests" */ = {
			isa = XCConfigurationList;
			buildConfigurations = (
				84A1C60C2804899E00917E04 /* Debug */,
				84A1C60D2804899E00917E04 /* Release */,
			);
			defaultConfigurationIsVisible = 0;
			defaultConfigurationName = Release;
		};
/* End XCConfigurationList section */
	};
	rootObject = 84A1C5D92804899B00917E04 /* Project object */;
}
