// !$*UTF8*$!
{
	archiveVersion = 1;
	classes = {
	};
	objectVersion = 55;
	objects = {

/* Begin PBXBuildFile section */
		842119FF2804B56300AAD58C /* Model in Frameworks */ = {isa = PBXBuildFile; productRef = 842119FE2804B56300AAD58C /* Model */; };
		84A1C5E52804899B00917E04 /* SIXT_testApp.swift in Sources */ = {isa = PBXBuildFile; fileRef = 84A1C5E42804899B00917E04 /* SIXT_testApp.swift */; };
		84A1C5E92804899D00917E04 /* Assets.xcassets in Resources */ = {isa = PBXBuildFile; fileRef = 84A1C5E82804899D00917E04 /* Assets.xcassets */; };
		84A1C5EC2804899D00917E04 /* Preview Assets.xcassets in Resources */ = {isa = PBXBuildFile; fileRef = 84A1C5EB2804899D00917E04 /* Preview Assets.xcassets */; };
		84A1C5F62804899E00917E04 /* SIXT_testTests.swift in Sources */ = {isa = PBXBuildFile; fileRef = 84A1C5F52804899E00917E04 /* SIXT_testTests.swift */; };
		84A1C6002804899E00917E04 /* SIXT_testUITests.swift in Sources */ = {isa = PBXBuildFile; fileRef = 84A1C5FF2804899E00917E04 /* SIXT_testUITests.swift */; };
		84A1C6022804899E00917E04 /* SIXT_testUITestsLaunchTests.swift in Sources */ = {isa = PBXBuildFile; fileRef = 84A1C6012804899E00917E04 /* SIXT_testUITestsLaunchTests.swift */; };
		84A1C61428048D2100917E04 /* RootView.swift in Sources */ = {isa = PBXBuildFile; fileRef = 84A1C61328048D2100917E04 /* RootView.swift */; };
		84A1C61728048DAB00917E04 /* Routing.swift in Sources */ = {isa = PBXBuildFile; fileRef = 84A1C61628048DAB00917E04 /* Routing.swift */; };
		84A1C61928048DFB00917E04 /* RoutableView.swift in Sources */ = {isa = PBXBuildFile; fileRef = 84A1C61828048DFB00917E04 /* RoutableView.swift */; };
		84A1C61C2804900A00917E04 /* RootRoute.swift in Sources */ = {isa = PBXBuildFile; fileRef = 84A1C61B2804900A00917E04 /* RootRoute.swift */; };
		84A1C6222804909F00917E04 /* CarListView.swift in Sources */ = {isa = PBXBuildFile; fileRef = 84A1C6212804909F00917E04 /* CarListView.swift */; };
		84A1C624280490B400917E04 /* CarMapView.swift in Sources */ = {isa = PBXBuildFile; fileRef = 84A1C623280490B400917E04 /* CarMapView.swift */; };
		84A1C6272804982800917E04 /* SFSymbols.swift in Sources */ = {isa = PBXBuildFile; fileRef = 84A1C6262804982800917E04 /* SFSymbols.swift */; };
		84A1C62C28049E1800917E04 /* Localizable.swift in Sources */ = {isa = PBXBuildFile; fileRef = 84A1C62B28049E1800917E04 /* Localizable.swift */; };
		84A1C63028049E7400917E04 /* String.swift in Sources */ = {isa = PBXBuildFile; fileRef = 84A1C62F28049E7400917E04 /* String.swift */; };
		84A1C63D2804B2BB00917E04 /* Localizable.strings in Resources */ = {isa = PBXBuildFile; fileRef = 84A1C63B2804B2BB00917E04 /* Localizable.strings */; };
/* End PBXBuildFile section */

/* Begin PBXContainerItemProxy section */
		84A1C5F22804899E00917E04 /* PBXContainerItemProxy */ = {
			isa = PBXContainerItemProxy;
			containerPortal = 84A1C5D92804899B00917E04 /* Project object */;
			proxyType = 1;
			remoteGlobalIDString = 84A1C5E02804899B00917E04;
			remoteInfo = SIXT_test;
		};
		84A1C5FC2804899E00917E04 /* PBXContainerItemProxy */ = {
			isa = PBXContainerItemProxy;
			containerPortal = 84A1C5D92804899B00917E04 /* Project object */;
			proxyType = 1;
			remoteGlobalIDString = 84A1C5E02804899B00917E04;
			remoteInfo = SIXT_test;
		};
/* End PBXContainerItemProxy section */

/* Begin PBXFileReference section */
		842119FC2804B4DC00AAD58C /* Model */ = {isa = PBXFileReference; lastKnownFileType = wrapper; path = Model; sourceTree = "<group>"; };
		84A1C5E12804899B00917E04 /* SIXT_test.app */ = {isa = PBXFileReference; explicitFileType = wrapper.application; includeInIndex = 0; path = SIXT_test.app; sourceTree = BUILT_PRODUCTS_DIR; };
		84A1C5E42804899B00917E04 /* SIXT_testApp.swift */ = {isa = PBXFileReference; lastKnownFileType = sourcecode.swift; path = SIXT_testApp.swift; sourceTree = "<group>"; };
		84A1C5E82804899D00917E04 /* Assets.xcassets */ = {isa = PBXFileReference; lastKnownFileType = folder.assetcatalog; path = Assets.xcassets; sourceTree = "<group>"; };
		84A1C5EB2804899D00917E04 /* Preview Assets.xcassets */ = {isa = PBXFileReference; lastKnownFileType = folder.assetcatalog; path = "Preview Assets.xcassets"; sourceTree = "<group>"; };
		84A1C5F12804899E00917E04 /* SIXT_testTests.xctest */ = {isa = PBXFileReference; explicitFileType = wrapper.cfbundle; includeInIndex = 0; path = SIXT_testTests.xctest; sourceTree = BUILT_PRODUCTS_DIR; };
		84A1C5F52804899E00917E04 /* SIXT_testTests.swift */ = {isa = PBXFileReference; lastKnownFileType = sourcecode.swift; path = SIXT_testTests.swift; sourceTree = "<group>"; };
		84A1C5FB2804899E00917E04 /* SIXT_testUITests.xctest */ = {isa = PBXFileReference; explicitFileType = wrapper.cfbundle; includeInIndex = 0; path = SIXT_testUITests.xctest; sourceTree = BUILT_PRODUCTS_DIR; };
		84A1C5FF2804899E00917E04 /* SIXT_testUITests.swift */ = {isa = PBXFileReference; lastKnownFileType = sourcecode.swift; path = SIXT_testUITests.swift; sourceTree = "<group>"; };
		84A1C6012804899E00917E04 /* SIXT_testUITestsLaunchTests.swift */ = {isa = PBXFileReference; lastKnownFileType = sourcecode.swift; path = SIXT_testUITestsLaunchTests.swift; sourceTree = "<group>"; };
		84A1C61328048D2100917E04 /* RootView.swift */ = {isa = PBXFileReference; lastKnownFileType = sourcecode.swift; path = RootView.swift; sourceTree = "<group>"; };
		84A1C61628048DAB00917E04 /* Routing.swift */ = {isa = PBXFileReference; lastKnownFileType = sourcecode.swift; path = Routing.swift; sourceTree = "<group>"; };
		84A1C61828048DFB00917E04 /* RoutableView.swift */ = {isa = PBXFileReference; lastKnownFileType = sourcecode.swift; path = RoutableView.swift; sourceTree = "<group>"; };
		84A1C61B2804900A00917E04 /* RootRoute.swift */ = {isa = PBXFileReference; lastKnownFileType = sourcecode.swift; path = RootRoute.swift; sourceTree = "<group>"; };
		84A1C6212804909F00917E04 /* CarListView.swift */ = {isa = PBXFileReference; lastKnownFileType = sourcecode.swift; path = CarListView.swift; sourceTree = "<group>"; };
		84A1C623280490B400917E04 /* CarMapView.swift */ = {isa = PBXFileReference; lastKnownFileType = sourcecode.swift; path = CarMapView.swift; sourceTree = "<group>"; };
		84A1C6262804982800917E04 /* SFSymbols.swift */ = {isa = PBXFileReference; lastKnownFileType = sourcecode.swift; path = SFSymbols.swift; sourceTree = "<group>"; };
		84A1C62B28049E1800917E04 /* Localizable.swift */ = {isa = PBXFileReference; lastKnownFileType = sourcecode.swift; path = Localizable.swift; sourceTree = "<group>"; };
		84A1C62F28049E7400917E04 /* String.swift */ = {isa = PBXFileReference; lastKnownFileType = sourcecode.swift; path = String.swift; sourceTree = "<group>"; };
		84A1C63C2804B2BB00917E04 /* en */ = {isa = PBXFileReference; lastKnownFileType = text.plist.strings; name = en; path = Localizable.strings; sourceTree = "<group>"; };
/* End PBXFileReference section */

/* Begin PBXFrameworksBuildPhase section */
		84A1C5DE2804899B00917E04 /* Frameworks */ = {
			isa = PBXFrameworksBuildPhase;
			buildActionMask = 2147483647;
			files = (
				842119FF2804B56300AAD58C /* Model in Frameworks */,
			);
			runOnlyForDeploymentPostprocessing = 0;
		};
		84A1C5EE2804899D00917E04 /* Frameworks */ = {
			isa = PBXFrameworksBuildPhase;
			buildActionMask = 2147483647;
			files = (
			);
			runOnlyForDeploymentPostprocessing = 0;
		};
		84A1C5F82804899E00917E04 /* Frameworks */ = {
			isa = PBXFrameworksBuildPhase;
			buildActionMask = 2147483647;
			files = (
			);
			runOnlyForDeploymentPostprocessing = 0;
		};
/* End PBXFrameworksBuildPhase section */

/* Begin PBXGroup section */
		842119FD2804B56300AAD58C /* Frameworks */ = {
			isa = PBXGroup;
			children = (
			);
			name = Frameworks;
			sourceTree = "<group>";
		};
		84A1C5D82804899B00917E04 = {
			isa = PBXGroup;
			children = (
				84A1C5E32804899B00917E04 /* SIXT_test */,
				84A1C5F42804899E00917E04 /* SIXT_testTests */,
				84A1C5F52804899E00917E04 /* SIXT_testTests.swift */,
				84A1C5FE2804899E00917E04 /* SIXT_testUITests */,
				842119FC2804B4DC00AAD58C /* Model */,
				84A1C5E22804899B00917E04 /* Products */,
				842119FD2804B56300AAD58C /* Frameworks */,
			);
			sourceTree = "<group>";
		};
		84A1C5E22804899B00917E04 /* Products */ = {
			isa = PBXGroup;
			children = (
				84A1C5E12804899B00917E04 /* SIXT_test.app */,
				84A1C5F12804899E00917E04 /* SIXT_testTests.xctest */,
				84A1C5FB2804899E00917E04 /* SIXT_testUITests.xctest */,
			);
			name = Products;
			sourceTree = "<group>";
		};
		84A1C5E32804899B00917E04 /* SIXT_test */ = {
			isa = PBXGroup;
			children = (
				84A1C60E28048A7C00917E04 /* Application */,
				84A1C5E82804899D00917E04 /* Assets.xcassets */,
				84A1C61528048DA000917E04 /* Base */,
				84A1C62D28049E6000917E04 /* Extensions */,
				84A1C60F28048C3900917E04 /* Flows */,
				84A1C5EA2804899D00917E04 /* Preview Content */,
				84A1C6252804980E00917E04 /* Resources */,
			);
			path = SIXT_test;
			sourceTree = "<group>";
		};
		84A1C5EA2804899D00917E04 /* Preview Content */ = {
			isa = PBXGroup;
			children = (
				84A1C5EB2804899D00917E04 /* Preview Assets.xcassets */,
			);
			path = "Preview Content";
			sourceTree = "<group>";
		};
		84A1C5F42804899E00917E04 /* SIXT_testTests */ = {
			isa = PBXGroup;
			children = (
			);
			path = SIXT_testTests;
			sourceTree = "<group>";
		};
		84A1C5FE2804899E00917E04 /* SIXT_testUITests */ = {
			isa = PBXGroup;
			children = (
				84A1C5FF2804899E00917E04 /* SIXT_testUITests.swift */,
				84A1C6012804899E00917E04 /* SIXT_testUITestsLaunchTests.swift */,
			);
			path = SIXT_testUITests;
			sourceTree = "<group>";
		};
		84A1C60E28048A7C00917E04 /* Application */ = {
			isa = PBXGroup;
			children = (
				84A1C5E42804899B00917E04 /* SIXT_testApp.swift */,
			);
			path = Application;
			sourceTree = "<group>";
		};
		84A1C60F28048C3900917E04 /* Flows */ = {
			isa = PBXGroup;
			children = (
				84A1C61D2804906900917E04 /* CarList */,
				84A1C61E2804907800917E04 /* CarMap */,
				84A1C61028048C4100917E04 /* Root */,
			);
			path = Flows;
			sourceTree = "<group>";
		};
		84A1C61028048C4100917E04 /* Root */ = {
			isa = PBXGroup;
			children = (
				84A1C61A28048FFE00917E04 /* Routing */,
				84A1C61128048C4E00917E04 /* ViewModels */,
				84A1C61228048C5400917E04 /* Views */,
			);
			path = Root;
			sourceTree = "<group>";
		};
		84A1C61128048C4E00917E04 /* ViewModels */ = {
			isa = PBXGroup;
			children = (
			);
			path = ViewModels;
			sourceTree = "<group>";
		};
		84A1C61228048C5400917E04 /* Views */ = {
			isa = PBXGroup;
			children = (
				84A1C61328048D2100917E04 /* RootView.swift */,
			);
			path = Views;
			sourceTree = "<group>";
		};
		84A1C61528048DA000917E04 /* Base */ = {
			isa = PBXGroup;
			children = (
				84A1C61628048DAB00917E04 /* Routing.swift */,
				84A1C61828048DFB00917E04 /* RoutableView.swift */,
			);
			path = Base;
			sourceTree = "<group>";
		};
		84A1C61A28048FFE00917E04 /* Routing */ = {
			isa = PBXGroup;
			children = (
				84A1C61B2804900A00917E04 /* RootRoute.swift */,
			);
			path = Routing;
			sourceTree = "<group>";
		};
		84A1C61D2804906900917E04 /* CarList */ = {
			isa = PBXGroup;
			children = (
				84A1C61F2804908900917E04 /* Views */,
			);
			path = CarList;
			sourceTree = "<group>";
		};
		84A1C61E2804907800917E04 /* CarMap */ = {
			isa = PBXGroup;
			children = (
				84A1C6202804908D00917E04 /* Views */,
			);
			path = CarMap;
			sourceTree = "<group>";
		};
		84A1C61F2804908900917E04 /* Views */ = {
			isa = PBXGroup;
			children = (
				84A1C6212804909F00917E04 /* CarListView.swift */,
			);
			path = Views;
			sourceTree = "<group>";
		};
		84A1C6202804908D00917E04 /* Views */ = {
			isa = PBXGroup;
			children = (
				84A1C623280490B400917E04 /* CarMapView.swift */,
			);
			path = Views;
			sourceTree = "<group>";
		};
		84A1C6252804980E00917E04 /* Resources */ = {
			isa = PBXGroup;
			children = (
				84A1C62828049B3700917E04 /* Strings */,
				84A1C6262804982800917E04 /* SFSymbols.swift */,
			);
			path = Resources;
			sourceTree = "<group>";
		};
		84A1C62828049B3700917E04 /* Strings */ = {
			isa = PBXGroup;
			children = (
				84A1C6342804B10100917E04 /* en.lproj */,
				84A1C62B28049E1800917E04 /* Localizable.swift */,
			);
			path = Strings;
			sourceTree = "<group>";
		};
		84A1C62D28049E6000917E04 /* Extensions */ = {
			isa = PBXGroup;
			children = (
				84A1C62E28049E6700917E04 /* Foundation */,
			);
			path = Extensions;
			sourceTree = "<group>";
		};
		84A1C62E28049E6700917E04 /* Foundation */ = {
			isa = PBXGroup;
			children = (
				84A1C62F28049E7400917E04 /* String.swift */,
			);
			path = Foundation;
			sourceTree = "<group>";
		};
		84A1C6342804B10100917E04 /* en.lproj */ = {
			isa = PBXGroup;
			children = (
				84A1C63B2804B2BB00917E04 /* Localizable.strings */,
			);
			path = en.lproj;
			sourceTree = "<group>";
		};
/* End PBXGroup section */

/* Begin PBXNativeTarget section */
		84A1C5E02804899B00917E04 /* SIXT_test */ = {
			isa = PBXNativeTarget;
			buildConfigurationList = 84A1C6052804899E00917E04 /* Build configuration list for PBXNativeTarget "SIXT_test" */;
			buildPhases = (
				84A1C5DD2804899B00917E04 /* Sources */,
				84A1C5DE2804899B00917E04 /* Frameworks */,
				84A1C5DF2804899B00917E04 /* Resources */,
			);
			buildRules = (
			);
			dependencies = (
			);
			name = SIXT_test;
			packageProductDependencies = (
				842119FE2804B56300AAD58C /* Model */,
			);
			productName = SIXT_test;
			productReference = 84A1C5E12804899B00917E04 /* SIXT_test.app */;
			productType = "com.apple.product-type.application";
		};
		84A1C5F02804899D00917E04 /* SIXT_testTests */ = {
			isa = PBXNativeTarget;
			buildConfigurationList = 84A1C6082804899E00917E04 /* Build configuration list for PBXNativeTarget "SIXT_testTests" */;
			buildPhases = (
				84A1C5ED2804899D00917E04 /* Sources */,
				84A1C5EE2804899D00917E04 /* Frameworks */,
				84A1C5EF2804899D00917E04 /* Resources */,
			);
			buildRules = (
			);
			dependencies = (
				84A1C5F32804899E00917E04 /* PBXTargetDependency */,
			);
			name = SIXT_testTests;
			productName = SIXT_testTests;
			productReference = 84A1C5F12804899E00917E04 /* SIXT_testTests.xctest */;
			productType = "com.apple.product-type.bundle.unit-test";
		};
		84A1C5FA2804899E00917E04 /* SIXT_testUITests */ = {
			isa = PBXNativeTarget;
			buildConfigurationList = 84A1C60B2804899E00917E04 /* Build configuration list for PBXNativeTarget "SIXT_testUITests" */;
			buildPhases = (
				84A1C5F72804899E00917E04 /* Sources */,
				84A1C5F82804899E00917E04 /* Frameworks */,
				84A1C5F92804899E00917E04 /* Resources */,
			);
			buildRules = (
			);
			dependencies = (
				84A1C5FD2804899E00917E04 /* PBXTargetDependency */,
			);
			name = SIXT_testUITests;
			productName = SIXT_testUITests;
			productReference = 84A1C5FB2804899E00917E04 /* SIXT_testUITests.xctest */;
			productType = "com.apple.product-type.bundle.ui-testing";
		};
/* End PBXNativeTarget section */

/* Begin PBXProject section */
		84A1C5D92804899B00917E04 /* Project object */ = {
			isa = PBXProject;
			attributes = {
				BuildIndependentTargetsInParallel = 1;
				LastSwiftUpdateCheck = 1330;
				LastUpgradeCheck = 1330;
				TargetAttributes = {
					84A1C5E02804899B00917E04 = {
						CreatedOnToolsVersion = 13.3;
					};
					84A1C5F02804899D00917E04 = {
						CreatedOnToolsVersion = 13.3;
						TestTargetID = 84A1C5E02804899B00917E04;
					};
					84A1C5FA2804899E00917E04 = {
						CreatedOnToolsVersion = 13.3;
						TestTargetID = 84A1C5E02804899B00917E04;
					};
				};
			};
			buildConfigurationList = 84A1C5DC2804899B00917E04 /* Build configuration list for PBXProject "SIXT_test" */;
			compatibilityVersion = "Xcode 13.0";
			developmentRegion = en;
			hasScannedForEncodings = 0;
			knownRegions = (
				en,
				Base,
			);
			mainGroup = 84A1C5D82804899B00917E04;
			productRefGroup = 84A1C5E22804899B00917E04 /* Products */;
			projectDirPath = "";
			projectRoot = "";
			targets = (
				84A1C5E02804899B00917E04 /* SIXT_test */,
				84A1C5F02804899D00917E04 /* SIXT_testTests */,
				84A1C5FA2804899E00917E04 /* SIXT_testUITests */,
			);
		};
/* End PBXProject section */

/* Begin PBXResourcesBuildPhase section */
		84A1C5DF2804899B00917E04 /* Resources */ = {
			isa = PBXResourcesBuildPhase;
			buildActionMask = 2147483647;
			files = (
				84A1C5EC2804899D00917E04 /* Preview Assets.xcassets in Resources */,
				84A1C63D2804B2BB00917E04 /* Localizable.strings in Resources */,
				84A1C5E92804899D00917E04 /* Assets.xcassets in Resources */,
			);
			runOnlyForDeploymentPostprocessing = 0;
		};
		84A1C5EF2804899D00917E04 /* Resources */ = {
			isa = PBXResourcesBuildPhase;
			buildActionMask = 2147483647;
			files = (
			);
			runOnlyForDeploymentPostprocessing = 0;
		};
		84A1C5F92804899E00917E04 /* Resources */ = {
			isa = PBXResourcesBuildPhase;
			buildActionMask = 2147483647;
			files = (
			);
			runOnlyForDeploymentPostprocessing = 0;
		};
/* End PBXResourcesBuildPhase section */

/* Begin PBXSourcesBuildPhase section */
		84A1C5DD2804899B00917E04 /* Sources */ = {
			isa = PBXSourcesBuildPhase;
			buildActionMask = 2147483647;
			files = (
				84A1C5E52804899B00917E04 /* SIXT_testApp.swift in Sources */,
				84A1C61428048D2100917E04 /* RootView.swift in Sources */,
				84A1C63028049E7400917E04 /* String.swift in Sources */,
				84A1C624280490B400917E04 /* CarMapView.swift in Sources */,
				84A1C61C2804900A00917E04 /* RootRoute.swift in Sources */,
				84A1C6272804982800917E04 /* SFSymbols.swift in Sources */,
				84A1C61928048DFB00917E04 /* RoutableView.swift in Sources */,
				84A1C61728048DAB00917E04 /* Routing.swift in Sources */,
				84A1C62C28049E1800917E04 /* Localizable.swift in Sources */,
				84A1C6222804909F00917E04 /* CarListView.swift in Sources */,
			);
			runOnlyForDeploymentPostprocessing = 0;
		};
		84A1C5ED2804899D00917E04 /* Sources */ = {
			isa = PBXSourcesBuildPhase;
			buildActionMask = 2147483647;
			files = (
				84A1C5F62804899E00917E04 /* SIXT_testTests.swift in Sources */,
			);
			runOnlyForDeploymentPostprocessing = 0;
		};
		84A1C5F72804899E00917E04 /* Sources */ = {
			isa = PBXSourcesBuildPhase;
			buildActionMask = 2147483647;
			files = (
				84A1C6022804899E00917E04 /* SIXT_testUITestsLaunchTests.swift in Sources */,
				84A1C6002804899E00917E04 /* SIXT_testUITests.swift in Sources */,
			);
			runOnlyForDeploymentPostprocessing = 0;
		};
/* End PBXSourcesBuildPhase section */

/* Begin PBXTargetDependency section */
		84A1C5F32804899E00917E04 /* PBXTargetDependency */ = {
			isa = PBXTargetDependency;
			target = 84A1C5E02804899B00917E04 /* SIXT_test */;
			targetProxy = 84A1C5F22804899E00917E04 /* PBXContainerItemProxy */;
		};
		84A1C5FD2804899E00917E04 /* PBXTargetDependency */ = {
			isa = PBXTargetDependency;
			target = 84A1C5E02804899B00917E04 /* SIXT_test */;
			targetProxy = 84A1C5FC2804899E00917E04 /* PBXContainerItemProxy */;
		};
/* End PBXTargetDependency section */

/* Begin PBXVariantGroup section */
		84A1C63B2804B2BB00917E04 /* Localizable.strings */ = {
			isa = PBXVariantGroup;
			children = (
				84A1C63C2804B2BB00917E04 /* en */,
			);
			name = Localizable.strings;
			sourceTree = "<group>";
		};
/* End PBXVariantGroup section */

/* Begin XCBuildConfiguration section */
		84A1C6032804899E00917E04 /* Debug */ = {
			isa = XCBuildConfiguration;
			buildSettings = {
				ALWAYS_SEARCH_USER_PATHS = NO;
				CLANG_ANALYZER_NONNULL = YES;
				CLANG_ANALYZER_NUMBER_OBJECT_CONVERSION = YES_AGGRESSIVE;
				CLANG_CXX_LANGUAGE_STANDARD = "gnu++17";
				CLANG_ENABLE_MODULES = YES;
				CLANG_ENABLE_OBJC_ARC = YES;
				CLANG_ENABLE_OBJC_WEAK = YES;
				CLANG_WARN_BLOCK_CAPTURE_AUTORELEASING = YES;
				CLANG_WARN_BOOL_CONVERSION = YES;
				CLANG_WARN_COMMA = YES;
				CLANG_WARN_CONSTANT_CONVERSION = YES;
				CLANG_WARN_DEPRECATED_OBJC_IMPLEMENTATIONS = YES;
				CLANG_WARN_DIRECT_OBJC_ISA_USAGE = YES_ERROR;
				CLANG_WARN_DOCUMENTATION_COMMENTS = YES;
				CLANG_WARN_EMPTY_BODY = YES;
				CLANG_WARN_ENUM_CONVERSION = YES;
				CLANG_WARN_INFINITE_RECURSION = YES;
				CLANG_WARN_INT_CONVERSION = YES;
				CLANG_WARN_NON_LITERAL_NULL_CONVERSION = YES;
				CLANG_WARN_OBJC_IMPLICIT_RETAIN_SELF = YES;
				CLANG_WARN_OBJC_LITERAL_CONVERSION = YES;
				CLANG_WARN_OBJC_ROOT_CLASS = YES_ERROR;
				CLANG_WARN_QUOTED_INCLUDE_IN_FRAMEWORK_HEADER = YES;
				CLANG_WARN_RANGE_LOOP_ANALYSIS = YES;
				CLANG_WARN_STRICT_PROTOTYPES = YES;
				CLANG_WARN_SUSPICIOUS_MOVE = YES;
				CLANG_WARN_UNGUARDED_AVAILABILITY = YES_AGGRESSIVE;
				CLANG_WARN_UNREACHABLE_CODE = YES;
				CLANG_WARN__DUPLICATE_METHOD_MATCH = YES;
				COPY_PHASE_STRIP = NO;
				DEBUG_INFORMATION_FORMAT = dwarf;
				ENABLE_STRICT_OBJC_MSGSEND = YES;
				ENABLE_TESTABILITY = YES;
				GCC_C_LANGUAGE_STANDARD = gnu11;
				GCC_DYNAMIC_NO_PIC = NO;
				GCC_NO_COMMON_BLOCKS = YES;
				GCC_OPTIMIZATION_LEVEL = 0;
				GCC_PREPROCESSOR_DEFINITIONS = (
					"DEBUG=1",
					"$(inherited)",
				);
				GCC_WARN_64_TO_32_BIT_CONVERSION = YES;
				GCC_WARN_ABOUT_RETURN_TYPE = YES_ERROR;
				GCC_WARN_UNDECLARED_SELECTOR = YES;
				GCC_WARN_UNINITIALIZED_AUTOS = YES_AGGRESSIVE;
				GCC_WARN_UNUSED_FUNCTION = YES;
				GCC_WARN_UNUSED_VARIABLE = YES;
				IPHONEOS_DEPLOYMENT_TARGET = 15.4;
				MTL_ENABLE_DEBUG_INFO = INCLUDE_SOURCE;
				MTL_FAST_MATH = YES;
				ONLY_ACTIVE_ARCH = YES;
				SDKROOT = iphoneos;
				SWIFT_ACTIVE_COMPILATION_CONDITIONS = DEBUG;
				SWIFT_OPTIMIZATION_LEVEL = "-Onone";
			};
			name = Debug;
		};
		84A1C6042804899E00917E04 /* Release */ = {
			isa = XCBuildConfiguration;
			buildSettings = {
				ALWAYS_SEARCH_USER_PATHS = NO;
				CLANG_ANALYZER_NONNULL = YES;
				CLANG_ANALYZER_NUMBER_OBJECT_CONVERSION = YES_AGGRESSIVE;
				CLANG_CXX_LANGUAGE_STANDARD = "gnu++17";
				CLANG_ENABLE_MODULES = YES;
				CLANG_ENABLE_OBJC_ARC = YES;
				CLANG_ENABLE_OBJC_WEAK = YES;
				CLANG_WARN_BLOCK_CAPTURE_AUTORELEASING = YES;
				CLANG_WARN_BOOL_CONVERSION = YES;
				CLANG_WARN_COMMA = YES;
				CLANG_WARN_CONSTANT_CONVERSION = YES;
				CLANG_WARN_DEPRECATED_OBJC_IMPLEMENTATIONS = YES;
				CLANG_WARN_DIRECT_OBJC_ISA_USAGE = YES_ERROR;
				CLANG_WARN_DOCUMENTATION_COMMENTS = YES;
				CLANG_WARN_EMPTY_BODY = YES;
				CLANG_WARN_ENUM_CONVERSION = YES;
				CLANG_WARN_INFINITE_RECURSION = YES;
				CLANG_WARN_INT_CONVERSION = YES;
				CLANG_WARN_NON_LITERAL_NULL_CONVERSION = YES;
				CLANG_WARN_OBJC_IMPLICIT_RETAIN_SELF = YES;
				CLANG_WARN_OBJC_LITERAL_CONVERSION = YES;
				CLANG_WARN_OBJC_ROOT_CLASS = YES_ERROR;
				CLANG_WARN_QUOTED_INCLUDE_IN_FRAMEWORK_HEADER = YES;
				CLANG_WARN_RANGE_LOOP_ANALYSIS = YES;
				CLANG_WARN_STRICT_PROTOTYPES = YES;
				CLANG_WARN_SUSPICIOUS_MOVE = YES;
				CLANG_WARN_UNGUARDED_AVAILABILITY = YES_AGGRESSIVE;
				CLANG_WARN_UNREACHABLE_CODE = YES;
				CLANG_WARN__DUPLICATE_METHOD_MATCH = YES;
				COPY_PHASE_STRIP = NO;
				DEBUG_INFORMATION_FORMAT = "dwarf-with-dsym";
				ENABLE_NS_ASSERTIONS = NO;
				ENABLE_STRICT_OBJC_MSGSEND = YES;
				GCC_C_LANGUAGE_STANDARD = gnu11;
				GCC_NO_COMMON_BLOCKS = YES;
				GCC_WARN_64_TO_32_BIT_CONVERSION = YES;
				GCC_WARN_ABOUT_RETURN_TYPE = YES_ERROR;
				GCC_WARN_UNDECLARED_SELECTOR = YES;
				GCC_WARN_UNINITIALIZED_AUTOS = YES_AGGRESSIVE;
				GCC_WARN_UNUSED_FUNCTION = YES;
				GCC_WARN_UNUSED_VARIABLE = YES;
				IPHONEOS_DEPLOYMENT_TARGET = 15.4;
				MTL_ENABLE_DEBUG_INFO = NO;
				MTL_FAST_MATH = YES;
				SDKROOT = iphoneos;
				SWIFT_COMPILATION_MODE = wholemodule;
				SWIFT_OPTIMIZATION_LEVEL = "-O";
				VALIDATE_PRODUCT = YES;
			};
			name = Release;
		};
		84A1C6062804899E00917E04 /* Debug */ = {
			isa = XCBuildConfiguration;
			buildSettings = {
				ASSETCATALOG_COMPILER_APPICON_NAME = AppIcon;
				ASSETCATALOG_COMPILER_GLOBAL_ACCENT_COLOR_NAME = AccentColor;
				CODE_SIGN_STYLE = Automatic;
				CURRENT_PROJECT_VERSION = 1;
				DEVELOPMENT_ASSET_PATHS = "\"SIXT_test/Preview Content\"";
				DEVELOPMENT_TEAM = G68HFXQ7G5;
				ENABLE_PREVIEWS = YES;
				GENERATE_INFOPLIST_FILE = YES;
				INFOPLIST_KEY_UIApplicationSceneManifest_Generation = YES;
				INFOPLIST_KEY_UIApplicationSupportsIndirectInputEvents = YES;
				INFOPLIST_KEY_UILaunchScreen_Generation = YES;
				INFOPLIST_KEY_UISupportedInterfaceOrientations_iPad = "UIInterfaceOrientationPortrait UIInterfaceOrientationPortraitUpsideDown UIInterfaceOrientationLandscapeLeft UIInterfaceOrientationLandscapeRight";
				INFOPLIST_KEY_UISupportedInterfaceOrientations_iPhone = "UIInterfaceOrientationPortrait UIInterfaceOrientationLandscapeLeft UIInterfaceOrientationLandscapeRight";
				LD_RUNPATH_SEARCH_PATHS = (
					"$(inherited)",
					"@executable_path/Frameworks",
				);
				MARKETING_VERSION = 1.0;
				PRODUCT_BUNDLE_IDENTIFIER = "internal.SIXT-test";
				PRODUCT_NAME = "$(TARGET_NAME)";
				SWIFT_EMIT_LOC_STRINGS = YES;
				SWIFT_VERSION = 5.0;
				TARGETED_DEVICE_FAMILY = "1,2";
			};
			name = Debug;
		};
		84A1C6072804899E00917E04 /* Release */ = {
			isa = XCBuildConfiguration;
			buildSettings = {
				ASSETCATALOG_COMPILER_APPICON_NAME = AppIcon;
				ASSETCATALOG_COMPILER_GLOBAL_ACCENT_COLOR_NAME = AccentColor;
				CODE_SIGN_STYLE = Automatic;
				CURRENT_PROJECT_VERSION = 1;
				DEVELOPMENT_ASSET_PATHS = "\"SIXT_test/Preview Content\"";
				DEVELOPMENT_TEAM = G68HFXQ7G5;
				ENABLE_PREVIEWS = YES;
				GENERATE_INFOPLIST_FILE = YES;
				INFOPLIST_KEY_UIApplicationSceneManifest_Generation = YES;
				INFOPLIST_KEY_UIApplicationSupportsIndirectInputEvents = YES;
				INFOPLIST_KEY_UILaunchScreen_Generation = YES;
				INFOPLIST_KEY_UISupportedInterfaceOrientations_iPad = "UIInterfaceOrientationPortrait UIInterfaceOrientationPortraitUpsideDown UIInterfaceOrientationLandscapeLeft UIInterfaceOrientationLandscapeRight";
				INFOPLIST_KEY_UISupportedInterfaceOrientations_iPhone = "UIInterfaceOrientationPortrait UIInterfaceOrientationLandscapeLeft UIInterfaceOrientationLandscapeRight";
				LD_RUNPATH_SEARCH_PATHS = (
					"$(inherited)",
					"@executable_path/Frameworks",
				);
				MARKETING_VERSION = 1.0;
				PRODUCT_BUNDLE_IDENTIFIER = "internal.SIXT-test";
				PRODUCT_NAME = "$(TARGET_NAME)";
				SWIFT_EMIT_LOC_STRINGS = YES;
				SWIFT_VERSION = 5.0;
				TARGETED_DEVICE_FAMILY = "1,2";
			};
			name = Release;
		};
		84A1C6092804899E00917E04 /* Debug */ = {
			isa = XCBuildConfiguration;
			buildSettings = {
				ALWAYS_EMBED_SWIFT_STANDARD_LIBRARIES = YES;
				BUNDLE_LOADER = "$(TEST_HOST)";
				CODE_SIGN_STYLE = Automatic;
				CURRENT_PROJECT_VERSION = 1;
				DEVELOPMENT_TEAM = G68HFXQ7G5;
				GENERATE_INFOPLIST_FILE = YES;
				IPHONEOS_DEPLOYMENT_TARGET = 15.4;
				MARKETING_VERSION = 1.0;
				PRODUCT_BUNDLE_IDENTIFIER = "internal.SIXT-testTests";
				PRODUCT_NAME = "$(TARGET_NAME)";
				SWIFT_EMIT_LOC_STRINGS = NO;
				SWIFT_VERSION = 5.0;
				TARGETED_DEVICE_FAMILY = "1,2";
				TEST_HOST = "$(BUILT_PRODUCTS_DIR)/SIXT_test.app/SIXT_test";
			};
			name = Debug;
		};
		84A1C60A2804899E00917E04 /* Release */ = {
			isa = XCBuildConfiguration;
			buildSettings = {
				ALWAYS_EMBED_SWIFT_STANDARD_LIBRARIES = YES;
				BUNDLE_LOADER = "$(TEST_HOST)";
				CODE_SIGN_STYLE = Automatic;
				CURRENT_PROJECT_VERSION = 1;
				DEVELOPMENT_TEAM = G68HFXQ7G5;
				GENERATE_INFOPLIST_FILE = YES;
				IPHONEOS_DEPLOYMENT_TARGET = 15.4;
				MARKETING_VERSION = 1.0;
				PRODUCT_BUNDLE_IDENTIFIER = "internal.SIXT-testTests";
				PRODUCT_NAME = "$(TARGET_NAME)";
				SWIFT_EMIT_LOC_STRINGS = NO;
				SWIFT_VERSION = 5.0;
				TARGETED_DEVICE_FAMILY = "1,2";
				TEST_HOST = "$(BUILT_PRODUCTS_DIR)/SIXT_test.app/SIXT_test";
			};
			name = Release;
		};
		84A1C60C2804899E00917E04 /* Debug */ = {
			isa = XCBuildConfiguration;
			buildSettings = {
				ALWAYS_EMBED_SWIFT_STANDARD_LIBRARIES = YES;
				CODE_SIGN_STYLE = Automatic;
				CURRENT_PROJECT_VERSION = 1;
				DEVELOPMENT_TEAM = G68HFXQ7G5;
				GENERATE_INFOPLIST_FILE = YES;
				MARKETING_VERSION = 1.0;
				PRODUCT_BUNDLE_IDENTIFIER = "internal.SIXT-testUITests";
				PRODUCT_NAME = "$(TARGET_NAME)";
				SWIFT_EMIT_LOC_STRINGS = NO;
				SWIFT_VERSION = 5.0;
				TARGETED_DEVICE_FAMILY = "1,2";
				TEST_TARGET_NAME = SIXT_test;
			};
			name = Debug;
		};
		84A1C60D2804899E00917E04 /* Release */ = {
			isa = XCBuildConfiguration;
			buildSettings = {
				ALWAYS_EMBED_SWIFT_STANDARD_LIBRARIES = YES;
				CODE_SIGN_STYLE = Automatic;
				CURRENT_PROJECT_VERSION = 1;
				DEVELOPMENT_TEAM = G68HFXQ7G5;
				GENERATE_INFOPLIST_FILE = YES;
				MARKETING_VERSION = 1.0;
				PRODUCT_BUNDLE_IDENTIFIER = "internal.SIXT-testUITests";
				PRODUCT_NAME = "$(TARGET_NAME)";
				SWIFT_EMIT_LOC_STRINGS = NO;
				SWIFT_VERSION = 5.0;
				TARGETED_DEVICE_FAMILY = "1,2";
				TEST_TARGET_NAME = SIXT_test;
			};
			name = Release;
		};
/* End XCBuildConfiguration section */

/* Begin XCConfigurationList section */
		84A1C5DC2804899B00917E04 /* Build configuration list for PBXProject "SIXT_test" */ = {
			isa = XCConfigurationList;
			buildConfigurations = (
				84A1C6032804899E00917E04 /* Debug */,
				84A1C6042804899E00917E04 /* Release */,
			);
			defaultConfigurationIsVisible = 0;
			defaultConfigurationName = Release;
		};
		84A1C6052804899E00917E04 /* Build configuration list for PBXNativeTarget "SIXT_test" */ = {
			isa = XCConfigurationList;
			buildConfigurations = (
				84A1C6062804899E00917E04 /* Debug */,
				84A1C6072804899E00917E04 /* Release */,
			);
			defaultConfigurationIsVisible = 0;
			defaultConfigurationName = Release;
		};
		84A1C6082804899E00917E04 /* Build configuration list for PBXNativeTarget "SIXT_testTests" */ = {
			isa = XCConfigurationList;
			buildConfigurations = (
				84A1C6092804899E00917E04 /* Debug */,
				84A1C60A2804899E00917E04 /* Release */,
			);
			defaultConfigurationIsVisible = 0;
			defaultConfigurationName = Release;
		};
		84A1C60B2804899E00917E04 /* Build configuration list for PBXNativeTarget "SIXT_testUITests" */ = {
			isa = XCConfigurationList;
			buildConfigurations = (
				84A1C60C2804899E00917E04 /* Debug */,
				84A1C60D2804899E00917E04 /* Release */,
			);
			defaultConfigurationIsVisible = 0;
			defaultConfigurationName = Release;
		};
/* End XCConfigurationList section */

/* Begin XCSwiftPackageProductDependency section */
		842119FE2804B56300AAD58C /* Model */ = {
			isa = XCSwiftPackageProductDependency;
			productName = Model;
		};
/* End XCSwiftPackageProductDependency section */
	};
	rootObject = 84A1C5D92804899B00917E04 /* Project object */;
}
